
Microsoft Visual Studio Solution File, Format Version 12.00
# Visual Studio Version 17
VisualStudioVersion = 17.14.36203.30 d17.14
MinimumVisualStudioVersion = 10.0.40219.1
Project("{FAE04EC0-301F-11D3-BF4B-00C04F79EFBC}") = "ejrc_ 1if", "ejrc_ 1if\ejrc_ 1if.csproj", "{C36D3981-0680-4D56-9F7A-DC555D4D8016}"
EndProject
Global
	GlobalSection(SolutionConfigurationPlatforms) = preSolution
		Debug|Any CPU = Debug|Any CPU
		Release|Any CPU = Release|Any CPU
	EndGlobalSection
	GlobalSection(ProjectConfigurationPlatforms) = postSolution
		{C36D3981-0680-4D56-9F7A-DC555D4D8016}.Debug|Any CPU.ActiveCfg = Debug|Any CPU
		{C36D3981-0680-4D56-9F7A-DC555D4D8016}.Debug|Any CPU.Build.0 = Debug|Any CPU
		{C36D3981-0680-4D56-9F7A-DC555D4D8016}.Release|Any CPU.ActiveCfg = Release|Any CPU
		{C36D3981-0680-4D56-9F7A-DC555D4D8016}.Release|Any CPU.Build.0 = Release|Any CPU
	EndGlobalSection
	GlobalSection(SolutionProperties) = preSolution
		HideSolutionNode = FALSE
	EndGlobalSection
	GlobalSection(ExtensibilityGlobals) = postSolution
		SolutionGuid = {6A61BA7E-A524-45EC-A557-F5E0B3BACC33}
	EndGlobalSection
EndGlobal
